
Microsoft Visual Studio Solution File, Format Version 12.00
# Visual Studio Version 17
VisualStudioVersion = 17.5.33424.131
MinimumVisualStudioVersion = 10.0.40219.1
Project("{9A19103F-16F7-4668-BE54-9A1E7A4F7556}") = "Guard", "Guard\Guard.csproj", "{6DDE9DA8-216C-4EF0-84CA-40235376427A}"
EndProject
Project("{FAE04EC0-301F-11D3-BF4B-00C04F79EFBC}") = "Guard.UnitTests", "Guard.UnitTests\Guard.UnitTests.csproj", "{3144101D-71C0-4BC6-AFF0-09E6F5B59F3A}"
EndProject
Project("{2150E333-8FDC-42A3-9474-1A3956D46DE8}") = "Solution Items", "Solution Items", "{AA8DFCF6-BD2E-4185-BDC3-190BBBAA8FBA}"
	ProjectSection(SolutionItems) = preProject
		.editorconfig = .editorconfig
	EndProjectSection
EndProject
Global
	GlobalSection(SolutionConfigurationPlatforms) = preSolution
		Debug|Any CPU = Debug|Any CPU
		Release|Any CPU = Release|Any CPU
	EndGlobalSection
	GlobalSection(ProjectConfigurationPlatforms) = postSolution
		{6DDE9DA8-216C-4EF0-84CA-40235376427A}.Debug|Any CPU.ActiveCfg = Debug|Any CPU
		{6DDE9DA8-216C-4EF0-84CA-40235376427A}.Debug|Any CPU.Build.0 = Debug|Any CPU
		{6DDE9DA8-216C-4EF0-84CA-40235376427A}.Release|Any CPU.ActiveCfg = Release|Any CPU
		{6DDE9DA8-216C-4EF0-84CA-40235376427A}.Release|Any CPU.Build.0 = Release|Any CPU
		{3144101D-71C0-4BC6-AFF0-09E6F5B59F3A}.Debug|Any CPU.ActiveCfg = Debug|Any CPU
		{3144101D-71C0-4BC6-AFF0-09E6F5B59F3A}.Debug|Any CPU.Build.0 = Debug|Any CPU
		{3144101D-71C0-4BC6-AFF0-09E6F5B59F3A}.Release|Any CPU.ActiveCfg = Release|Any CPU
		{3144101D-71C0-4BC6-AFF0-09E6F5B59F3A}.Release|Any CPU.Build.0 = Release|Any CPU
	EndGlobalSection
	GlobalSection(SolutionProperties) = preSolution
		HideSolutionNode = FALSE
	EndGlobalSection
	GlobalSection(ExtensibilityGlobals) = postSolution
		SolutionGuid = {E5645265-92B3-4C0E-A1F5-6BA72716EB69}
	EndGlobalSection
EndGlobal
